
Microsoft Visual Studio Solution File, Format Version 12.00
# Visual Studio Version 17
VisualStudioVersion = 17.0.31903.59
MinimumVisualStudioVersion = 10.0.40219.1
Project("{FAE04EC0-301F-11D3-BF4B-00C04F79EFBC}") = "SggApp.API", "SggApp.API\SggApp.API.csproj", "{F6439A17-18A6-48AA-98E7-828CAEC087A0}"
EndProject
Project("{FAE04EC0-301F-11D3-BF4B-00C04F79EFBC}") = "SggApp.BLL", "SggApp.BLL\SggApp.BLL.csproj", "{8345DD8D-98B0-4BB0-9756-3D2F892305BB}"
EndProject
Project("{FAE04EC0-301F-11D3-BF4B-00C04F79EFBC}") = "SggApp.DAL", "SggApp.DAL\SggApp.DAL.csproj", "{16F77F8E-1DE0-4D45-8274-72AD66DEBAF9}"
EndProject
Project("{FAE04EC0-301F-11D3-BF4B-00C04F79EFBC}") = "SggApp", "SggApp\SggApp.csproj", "{7A0677EC-5C53-4C43-97E4-B7BC645B5274}"
EndProject
Global
	GlobalSection(SolutionConfigurationPlatforms) = preSolution
		Debug|Any CPU = Debug|Any CPU
		Release|Any CPU = Release|Any CPU
	EndGlobalSection
	GlobalSection(SolutionProperties) = preSolution
		HideSolutionNode = FALSE
	EndGlobalSection
	GlobalSection(ProjectConfigurationPlatforms) = postSolution
		{F6439A17-18A6-48AA-98E7-828CAEC087A0}.Debug|Any CPU.ActiveCfg = Debug|Any CPU
		{F6439A17-18A6-48AA-98E7-828CAEC087A0}.Debug|Any CPU.Build.0 = Debug|Any CPU
		{F6439A17-18A6-48AA-98E7-828CAEC087A0}.Release|Any CPU.ActiveCfg = Release|Any CPU
		{F6439A17-18A6-48AA-98E7-828CAEC087A0}.Release|Any CPU.Build.0 = Release|Any CPU
		{8345DD8D-98B0-4BB0-9756-3D2F892305BB}.Debug|Any CPU.ActiveCfg = Debug|Any CPU
		{8345DD8D-98B0-4BB0-9756-3D2F892305BB}.Debug|Any CPU.Build.0 = Debug|Any CPU
		{8345DD8D-98B0-4BB0-9756-3D2F892305BB}.Release|Any CPU.ActiveCfg = Release|Any CPU
		{8345DD8D-98B0-4BB0-9756-3D2F892305BB}.Release|Any CPU.Build.0 = Release|Any CPU
		{16F77F8E-1DE0-4D45-8274-72AD66DEBAF9}.Debug|Any CPU.ActiveCfg = Debug|Any CPU
		{16F77F8E-1DE0-4D45-8274-72AD66DEBAF9}.Debug|Any CPU.Build.0 = Debug|Any CPU
		{16F77F8E-1DE0-4D45-8274-72AD66DEBAF9}.Release|Any CPU.ActiveCfg = Release|Any CPU
		{16F77F8E-1DE0-4D45-8274-72AD66DEBAF9}.Release|Any CPU.Build.0 = Release|Any CPU
		{7A0677EC-5C53-4C43-97E4-B7BC645B5274}.Debug|Any CPU.ActiveCfg = Debug|Any CPU
		{7A0677EC-5C53-4C43-97E4-B7BC645B5274}.Debug|Any CPU.Build.0 = Debug|Any CPU
		{7A0677EC-5C53-4C43-97E4-B7BC645B5274}.Release|Any CPU.ActiveCfg = Release|Any CPU
		{7A0677EC-5C53-4C43-97E4-B7BC645B5274}.Release|Any CPU.Build.0 = Release|Any CPU
	EndGlobalSection
EndGlobal
